
Microsoft Visual Studio Solution File, Format Version 10.00
# Visual Studio 2008
Project("{E24C65DC-7377-472B-9ABA-BC803B73C61A}") = "web22_dinamik_UZMAN", ".", "{E8E7A92F-062F-4A3B-864E-15C8A6218D15}"
	ProjectSection(WebsiteProperties) = preProject
		TargetFramework = "3.5"
		Debug.AspNetCompiler.VirtualPath = "/web22_dinamik_UZMAN"
		Debug.AspNetCompiler.PhysicalPath = "D:\PROJELER\uzman-eticaret\web22_dinamik_UZMAN\"
		Debug.AspNetCompiler.TargetPath = "PrecompiledWeb\web22_dinamik_UZMAN\"
		Debug.AspNetCompiler.Updateable = "true"
		Debug.AspNetCompiler.ForceOverwrite = "true"
		Debug.AspNetCompiler.FixedNames = "false"
		Debug.AspNetCompiler.Debug = "True"
		Release.AspNetCompiler.VirtualPath = "/web22_dinamik_UZMAN"
		Release.AspNetCompiler.PhysicalPath = "D:\PROJELER\uzman-eticaret\web22_dinamik_UZMAN\"
		Release.AspNetCompiler.TargetPath = "PrecompiledWeb\web22_dinamik_UZMAN\"
		Release.AspNetCompiler.Updateable = "true"
		Release.AspNetCompiler.ForceOverwrite = "true"
		Release.AspNetCompiler.FixedNames = "false"
		Release.AspNetCompiler.Debug = "False"
		VWDPort = "2568"
	EndProjectSection
EndProject
Global
	GlobalSection(SolutionConfigurationPlatforms) = preSolution
		Debug|.NET = Debug|.NET
	EndGlobalSection
	GlobalSection(ProjectConfigurationPlatforms) = postSolution
		{E8E7A92F-062F-4A3B-864E-15C8A6218D15}.Debug|.NET.ActiveCfg = Debug|.NET
		{E8E7A92F-062F-4A3B-864E-15C8A6218D15}.Debug|.NET.Build.0 = Debug|.NET
	EndGlobalSection
	GlobalSection(SolutionProperties) = preSolution
		HideSolutionNode = FALSE
	EndGlobalSection
EndGlobal
